{
  "requires": true,
  "lockfileVersion": 1,
  "dependencies": {
    "card-dealer": {
      "version": "2.0.0",
      "resolved": "https://registry.npmjs.org/card-dealer/-/card-dealer-2.0.0.tgz",
      "integrity": "sha512-B6mlkmHiXxnWg2fgbuaOKZeS2wHBgfU5F5+dkXxYC9tNi3gLhk+vCoilk5EeLxocfLW1774axxPlNRdJUvtCbw=="
    }
  }
}
